
Microsoft Visual Studio Solution File, Format Version 12.00
# Visual Studio Version 17
VisualStudioVersion = 17.2.32630.192
MinimumVisualStudioVersion = 10.0.40219.1
Project("{FAE04EC0-301F-11D3-BF4B-00C04F79EFBC}") = "Assignment-3-Lexicon", "Assignment-3-Lexicon\Assignment-3-Lexicon.csproj", "{FB2338FD-DB44-40F3-9E9F-12A56EFD6A24}"
EndProject
Global
	GlobalSection(SolutionConfigurationPlatforms) = preSolution
		Debug|Any CPU = Debug|Any CPU
		Release|Any CPU = Release|Any CPU
	EndGlobalSection
	GlobalSection(ProjectConfigurationPlatforms) = postSolution
		{FB2338FD-DB44-40F3-9E9F-12A56EFD6A24}.Debug|Any CPU.ActiveCfg = Debug|Any CPU
		{FB2338FD-DB44-40F3-9E9F-12A56EFD6A24}.Debug|Any CPU.Build.0 = Debug|Any CPU
		{FB2338FD-DB44-40F3-9E9F-12A56EFD6A24}.Release|Any CPU.ActiveCfg = Release|Any CPU
		{FB2338FD-DB44-40F3-9E9F-12A56EFD6A24}.Release|Any CPU.Build.0 = Release|Any CPU
	EndGlobalSection
	GlobalSection(SolutionProperties) = preSolution
		HideSolutionNode = FALSE
	EndGlobalSection
	GlobalSection(ExtensibilityGlobals) = postSolution
		SolutionGuid = {D27A5DB3-C85F-495E-BAE7-319480A921C0}
	EndGlobalSection
EndGlobal
